PODS:
  - Nubrick (0.13.1)

DEPENDENCIES:
  - Nubrick (from `../../Nubrick.podspec`)

EXTERNAL SOURCES:
  Nubrick:
    :podspec: "../../Nubrick.podspec"

SPEC CHECKSUMS:
  Nubrick: 7216ce4b75d0d3d4b8851930dbe6c520871983bc

PODFILE CHECKSUM: 90a18532631ffe81b9c854a82eed6c209f4eac3b

COCOAPODS: 1.16.2
