PODS:
  - Nubrick (0.14.0)

DEPENDENCIES:
  - Nubrick (from `../../Nubrick.podspec`)

EXTERNAL SOURCES:
  Nubrick:
    :podspec: "../../Nubrick.podspec"

SPEC CHECKSUMS:
  Nubrick: b49b28a039b3d55576172f88f7b5c9ade3d905e6

PODFILE CHECKSUM: 90a18532631ffe81b9c854a82eed6c209f4eac3b

COCOAPODS: 1.16.2
