PODS:
  - Yoga (2.0.1)
  - YogaKit (2.0.1):
    - Yoga (~> 2.0.1)

DEPENDENCIES:
  - Yoga
  - YogaKit

SPEC REPOS:
  trunk:
    - Yoga
    - YogaKit

SPEC CHECKSUMS:
  Yoga: 7ac7f65e2d7120bf97e75fd66436ed4c7bf8e37e
  YogaKit: 4751ba673fab49df29e2235e23c4ea7d6d5a339c

PODFILE CHECKSUM: 84e3045632456f6dd531d0e76d4ae04e4abb3109

COCOAPODS: 1.16.2
