PODS:
  - Flutter (1.0.0)
  - integration_test (0.0.1):
    - Flutter
  - Nativebrik (0.9.7):
    - YogaKit (~> 2.0.0)
  - nativebrik_bridge (0.0.1):
    - Flutter
    - Nativebrik (~> 0.9.7)
  - Yoga (2.0.1)
  - YogaKit (2.0.1):
    - Yoga (~> 2.0.1)

DEPENDENCIES:
  - Flutter (from `Flutter`)
  - integration_test (from `.symlinks/plugins/integration_test/ios`)
  - nativebrik_bridge (from `.symlinks/plugins/nativebrik_bridge/ios`)

SPEC REPOS:
  trunk:
    - Nativebrik
    - Yoga
    - YogaKit

EXTERNAL SOURCES:
  Flutter:
    :path: Flutter
  integration_test:
    :path: ".symlinks/plugins/integration_test/ios"
  nativebrik_bridge:
    :path: ".symlinks/plugins/nativebrik_bridge/ios"

SPEC CHECKSUMS:
  Flutter: e0871f40cf51350855a761d2e70bf5af5b9b5de7
  integration_test: 13825b8a9334a850581300559b8839134b124670
  Nativebrik: 25c9f813054d077ce4ee6b8392df72583529b52a
  nativebrik_bridge: 672909b297bf68b82307dfa028298c4d7a390c7c
  Yoga: 7ac7f65e2d7120bf97e75fd66436ed4c7bf8e37e
  YogaKit: 4751ba673fab49df29e2235e23c4ea7d6d5a339c

PODFILE CHECKSUM: 1959d098c91d8a792531a723c4a9d7e9f6a01e38

COCOAPODS: 1.16.2
