PODS:
  - Flutter (1.0.0)
  - integration_test (0.0.1):
    - Flutter
  - Nativebrik (0.6.2):
    - YogaKit (~> 2.0.0)
  - nativebrik_bridge (0.0.1):
    - Flutter
    - Nativebrik (~> 0.6.2)
  - Yoga (2.0.1)
  - YogaKit (2.0.1):
    - Yoga (~> 2.0.1)

DEPENDENCIES:
  - Flutter (from `Flutter`)
  - integration_test (from `.symlinks/plugins/integration_test/ios`)
  - nativebrik_bridge (from `.symlinks/plugins/nativebrik_bridge/ios`)

SPEC REPOS:
  trunk:
    - Nativebrik
    - Yoga
    - YogaKit

EXTERNAL SOURCES:
  Flutter:
    :path: Flutter
  integration_test:
    :path: ".symlinks/plugins/integration_test/ios"
  nativebrik_bridge:
    :path: ".symlinks/plugins/nativebrik_bridge/ios"

SPEC CHECKSUMS:
  Flutter: e0871f40cf51350855a761d2e70bf5af5b9b5de7
  integration_test: 13825b8a9334a850581300559b8839134b124670
  Nativebrik: adb35b9a1d24b918ff40043af7c5272e475c4bc2
  nativebrik_bridge: c3562064da790c36c845f1cd817f6606dbba4860
  Yoga: 7ac7f65e2d7120bf97e75fd66436ed4c7bf8e37e
  YogaKit: 4751ba673fab49df29e2235e23c4ea7d6d5a339c

PODFILE CHECKSUM: 1959d098c91d8a792531a723c4a9d7e9f6a01e38

COCOAPODS: 1.16.2
