// !$*UTF8*$!
{
	archiveVersion = 1;
	classes = {
	};
	objectVersion = 55;
	objects = {

/* Begin PBXBuildFile section */
		C17002562A1F2757003E20C9 /* Nativebrik_ExampleApp.swift in Sources */ = {isa = PBXBuildFile; fileRef = C17002552A1F2757003E20C9 /* Nativebrik_ExampleApp.swift */; };
		C17002582A1F2757003E20C9 /* ContentView.swift in Sources */ = {isa = PBXBuildFile; fileRef = C17002572A1F2757003E20C9 /* ContentView.swift */; };
		C170025A2A1F2758003E20C9 /* Assets.xcassets in Resources */ = {isa = PBXBuildFile; fileRef = C17002592A1F2758003E20C9 /* Assets.xcassets */; };
		C170025D2A1F2758003E20C9 /* Preview Assets.xcassets in Resources */ = {isa = PBXBuildFile; fileRef = C170025C2A1F2758003E20C9 /* Preview Assets.xcassets */; };
		C17002672A1F2758003E20C9 /* Nativebrik_ExampleTests.swift in Sources */ = {isa = PBXBuildFile; fileRef = C17002662A1F2758003E20C9 /* Nativebrik_ExampleTests.swift */; };
		C17002712A1F2758003E20C9 /* Nativebrik_ExampleUITests.swift in Sources */ = {isa = PBXBuildFile; fileRef = C17002702A1F2758003E20C9 /* Nativebrik_ExampleUITests.swift */; };
		C17002732A1F2758003E20C9 /* Nativebrik_ExampleUITestsLaunchTests.swift in Sources */ = {isa = PBXBuildFile; fileRef = C17002722A1F2758003E20C9 /* Nativebrik_ExampleUITestsLaunchTests.swift */; };
		F0A7BF072A656BD3BF5310A2 /* Pods_Nativebrik_Example.framework in Frameworks */ = {isa = PBXBuildFile; fileRef = 4A0AF88AF576D0AAAEA19DDE /* Pods_Nativebrik_Example.framework */; };
		FFE85287B4925D973F32A803 /* Pods_Nativebrik_ExampleTests.framework in Frameworks */ = {isa = PBXBuildFile; fileRef = E80529B4F05BF9F08DDA2869 /* Pods_Nativebrik_ExampleTests.framework */; };
/* End PBXBuildFile section */

/* Begin PBXContainerItemProxy section */
		C17002632A1F2758003E20C9 /* PBXContainerItemProxy */ = {
			isa = PBXContainerItemProxy;
			containerPortal = C170024A2A1F2757003E20C9 /* Project object */;
			proxyType = 1;
			remoteGlobalIDString = C17002512A1F2757003E20C9;
			remoteInfo = Nativebrik_Example;
		};
		C170026D2A1F2758003E20C9 /* PBXContainerItemProxy */ = {
			isa = PBXContainerItemProxy;
			containerPortal = C170024A2A1F2757003E20C9 /* Project object */;
			proxyType = 1;
			remoteGlobalIDString = C17002512A1F2757003E20C9;
			remoteInfo = Nativebrik_Example;
		};
/* End PBXContainerItemProxy section */

/* Begin PBXFileReference section */
		06D813980A5CAC2168CC8A49 /* Pods-Nativebrik_ExampleTests.release.xcconfig */ = {isa = PBXFileReference; includeInIndex = 1; lastKnownFileType = text.xcconfig; name = "Pods-Nativebrik_ExampleTests.release.xcconfig"; path = "Target Support Files/Pods-Nativebrik_ExampleTests/Pods-Nativebrik_ExampleTests.release.xcconfig"; sourceTree = "<group>"; };
		4A0AF88AF576D0AAAEA19DDE /* Pods_Nativebrik_Example.framework */ = {isa = PBXFileReference; explicitFileType = wrapper.framework; includeInIndex = 0; path = Pods_Nativebrik_Example.framework; sourceTree = BUILT_PRODUCTS_DIR; };
		780618F358D431D88216D77A /* Pods-Nativebrik_Example.release.xcconfig */ = {isa = PBXFileReference; includeInIndex = 1; lastKnownFileType = text.xcconfig; name = "Pods-Nativebrik_Example.release.xcconfig"; path = "Target Support Files/Pods-Nativebrik_Example/Pods-Nativebrik_Example.release.xcconfig"; sourceTree = "<group>"; };
		C17002522A1F2757003E20C9 /* Nativebrik_Example.app */ = {isa = PBXFileReference; explicitFileType = wrapper.application; includeInIndex = 0; path = Nativebrik_Example.app; sourceTree = BUILT_PRODUCTS_DIR; };
		C17002552A1F2757003E20C9 /* Nativebrik_ExampleApp.swift */ = {isa = PBXFileReference; lastKnownFileType = sourcecode.swift; path = Nativebrik_ExampleApp.swift; sourceTree = "<group>"; };
		C17002572A1F2757003E20C9 /* ContentView.swift */ = {isa = PBXFileReference; lastKnownFileType = sourcecode.swift; path = ContentView.swift; sourceTree = "<group>"; };
		C17002592A1F2758003E20C9 /* Assets.xcassets */ = {isa = PBXFileReference; lastKnownFileType = folder.assetcatalog; path = Assets.xcassets; sourceTree = "<group>"; };
		C170025C2A1F2758003E20C9 /* Preview Assets.xcassets */ = {isa = PBXFileReference; lastKnownFileType = folder.assetcatalog; path = "Preview Assets.xcassets"; sourceTree = "<group>"; };
		C17002622A1F2758003E20C9 /* Nativebrik_ExampleTests.xctest */ = {isa = PBXFileReference; explicitFileType = wrapper.cfbundle; includeInIndex = 0; path = Nativebrik_ExampleTests.xctest; sourceTree = BUILT_PRODUCTS_DIR; };
		C17002662A1F2758003E20C9 /* Nativebrik_ExampleTests.swift */ = {isa = PBXFileReference; lastKnownFileType = sourcecode.swift; path = Nativebrik_ExampleTests.swift; sourceTree = "<group>"; };
		C170026C2A1F2758003E20C9 /* Nativebrik_ExampleUITests.xctest */ = {isa = PBXFileReference; explicitFileType = wrapper.cfbundle; includeInIndex = 0; path = Nativebrik_ExampleUITests.xctest; sourceTree = BUILT_PRODUCTS_DIR; };
		C17002702A1F2758003E20C9 /* Nativebrik_ExampleUITests.swift */ = {isa = PBXFileReference; lastKnownFileType = sourcecode.swift; path = Nativebrik_ExampleUITests.swift; sourceTree = "<group>"; };
		C17002722A1F2758003E20C9 /* Nativebrik_ExampleUITestsLaunchTests.swift */ = {isa = PBXFileReference; lastKnownFileType = sourcecode.swift; path = Nativebrik_ExampleUITestsLaunchTests.swift; sourceTree = "<group>"; };
		C6254460EA9239CC055C7668 /* Pods-Nativebrik_ExampleTests.debug.xcconfig */ = {isa = PBXFileReference; includeInIndex = 1; lastKnownFileType = text.xcconfig; name = "Pods-Nativebrik_ExampleTests.debug.xcconfig"; path = "Target Support Files/Pods-Nativebrik_ExampleTests/Pods-Nativebrik_ExampleTests.debug.xcconfig"; sourceTree = "<group>"; };
		D02D15D30014AA4C133B54DE /* Pods-Nativebrik_Example.debug.xcconfig */ = {isa = PBXFileReference; includeInIndex = 1; lastKnownFileType = text.xcconfig; name = "Pods-Nativebrik_Example.debug.xcconfig"; path = "Target Support Files/Pods-Nativebrik_Example/Pods-Nativebrik_Example.debug.xcconfig"; sourceTree = "<group>"; };
		E80529B4F05BF9F08DDA2869 /* Pods_Nativebrik_ExampleTests.framework */ = {isa = PBXFileReference; explicitFileType = wrapper.framework; includeInIndex = 0; path = Pods_Nativebrik_ExampleTests.framework; sourceTree = BUILT_PRODUCTS_DIR; };
/* End PBXFileReference section */

/* Begin PBXFrameworksBuildPhase section */
		C170024F2A1F2757003E20C9 /* Frameworks */ = {
			isa = PBXFrameworksBuildPhase;
			buildActionMask = 2147483647;
			files = (
				F0A7BF072A656BD3BF5310A2 /* Pods_Nativebrik_Example.framework in Frameworks */,
			);
			runOnlyForDeploymentPostprocessing = 0;
		};
		C170025F2A1F2758003E20C9 /* Frameworks */ = {
			isa = PBXFrameworksBuildPhase;
			buildActionMask = 2147483647;
			files = (
				FFE85287B4925D973F32A803 /* Pods_Nativebrik_ExampleTests.framework in Frameworks */,
			);
			runOnlyForDeploymentPostprocessing = 0;
		};
		C17002692A1F2758003E20C9 /* Frameworks */ = {
			isa = PBXFrameworksBuildPhase;
			buildActionMask = 2147483647;
			files = (
			);
			runOnlyForDeploymentPostprocessing = 0;
		};
/* End PBXFrameworksBuildPhase section */

/* Begin PBXGroup section */
		A35A3730CB85BE2B0C390FB0 /* Frameworks */ = {
			isa = PBXGroup;
			children = (
				4A0AF88AF576D0AAAEA19DDE /* Pods_Nativebrik_Example.framework */,
				E80529B4F05BF9F08DDA2869 /* Pods_Nativebrik_ExampleTests.framework */,
			);
			name = Frameworks;
			sourceTree = "<group>";
		};
		BB283430AC7F8B5B060583D2 /* Pods */ = {
			isa = PBXGroup;
			children = (
				D02D15D30014AA4C133B54DE /* Pods-Nativebrik_Example.debug.xcconfig */,
				780618F358D431D88216D77A /* Pods-Nativebrik_Example.release.xcconfig */,
				C6254460EA9239CC055C7668 /* Pods-Nativebrik_ExampleTests.debug.xcconfig */,
				06D813980A5CAC2168CC8A49 /* Pods-Nativebrik_ExampleTests.release.xcconfig */,
			);
			name = Pods;
			path = ../Pods;
			sourceTree = "<group>";
		};
		C17002492A1F2757003E20C9 = {
			isa = PBXGroup;
			children = (
				C17002542A1F2757003E20C9 /* Nativebrik_Example */,
				C17002652A1F2758003E20C9 /* Nativebrik_ExampleTests */,
				C170026F2A1F2758003E20C9 /* Nativebrik_ExampleUITests */,
				C17002532A1F2757003E20C9 /* Products */,
				BB283430AC7F8B5B060583D2 /* Pods */,
				A35A3730CB85BE2B0C390FB0 /* Frameworks */,
			);
			sourceTree = "<group>";
		};
		C17002532A1F2757003E20C9 /* Products */ = {
			isa = PBXGroup;
			children = (
				C17002522A1F2757003E20C9 /* Nativebrik_Example.app */,
				C17002622A1F2758003E20C9 /* Nativebrik_ExampleTests.xctest */,
				C170026C2A1F2758003E20C9 /* Nativebrik_ExampleUITests.xctest */,
			);
			name = Products;
			sourceTree = "<group>";
		};
		C17002542A1F2757003E20C9 /* Nativebrik_Example */ = {
			isa = PBXGroup;
			children = (
				C17002552A1F2757003E20C9 /* Nativebrik_ExampleApp.swift */,
				C17002572A1F2757003E20C9 /* ContentView.swift */,
				C17002592A1F2758003E20C9 /* Assets.xcassets */,
				C170025B2A1F2758003E20C9 /* Preview Content */,
			);
			path = Nativebrik_Example;
			sourceTree = "<group>";
		};
		C170025B2A1F2758003E20C9 /* Preview Content */ = {
			isa = PBXGroup;
			children = (
				C170025C2A1F2758003E20C9 /* Preview Assets.xcassets */,
			);
			path = "Preview Content";
			sourceTree = "<group>";
		};
		C17002652A1F2758003E20C9 /* Nativebrik_ExampleTests */ = {
			isa = PBXGroup;
			children = (
				C17002662A1F2758003E20C9 /* Nativebrik_ExampleTests.swift */,
			);
			path = Nativebrik_ExampleTests;
			sourceTree = "<group>";
		};
		C170026F2A1F2758003E20C9 /* Nativebrik_ExampleUITests */ = {
			isa = PBXGroup;
			children = (
				C17002702A1F2758003E20C9 /* Nativebrik_ExampleUITests.swift */,
				C17002722A1F2758003E20C9 /* Nativebrik_ExampleUITestsLaunchTests.swift */,
			);
			path = Nativebrik_ExampleUITests;
			sourceTree = "<group>";
		};
/* End PBXGroup section */

/* Begin PBXNativeTarget section */
		C17002512A1F2757003E20C9 /* Nativebrik_Example */ = {
			isa = PBXNativeTarget;
			buildConfigurationList = C17002762A1F2758003E20C9 /* Build configuration list for PBXNativeTarget "Nativebrik_Example" */;
			buildPhases = (
				7AFB1A74FAC56A701142BB63 /* [CP] Check Pods Manifest.lock */,
				C170024E2A1F2757003E20C9 /* Sources */,
				C170024F2A1F2757003E20C9 /* Frameworks */,
				C17002502A1F2757003E20C9 /* Resources */,
				7B0D1BB5D0612CF1161A087B /* [CP] Embed Pods Frameworks */,
			);
			buildRules = (
			);
			dependencies = (
			);
			name = Nativebrik_Example;
			productName = Nativebrik_Example;
			productReference = C17002522A1F2757003E20C9 /* Nativebrik_Example.app */;
			productType = "com.apple.product-type.application";
		};
		C17002612A1F2758003E20C9 /* Nativebrik_ExampleTests */ = {
			isa = PBXNativeTarget;
			buildConfigurationList = C17002792A1F2758003E20C9 /* Build configuration list for PBXNativeTarget "Nativebrik_ExampleTests" */;
			buildPhases = (
				74386BCED223D1C6E1EC1043 /* [CP] Check Pods Manifest.lock */,
				C170025E2A1F2758003E20C9 /* Sources */,
				C170025F2A1F2758003E20C9 /* Frameworks */,
				C17002602A1F2758003E20C9 /* Resources */,
				A408D8DC11386A82546BE130 /* [CP] Embed Pods Frameworks */,
			);
			buildRules = (
			);
			dependencies = (
				C17002642A1F2758003E20C9 /* PBXTargetDependency */,
			);
			name = Nativebrik_ExampleTests;
			productName = Nativebrik_ExampleTests;
			productReference = C17002622A1F2758003E20C9 /* Nativebrik_ExampleTests.xctest */;
			productType = "com.apple.product-type.bundle.unit-test";
		};
		C170026B2A1F2758003E20C9 /* Nativebrik_ExampleUITests */ = {
			isa = PBXNativeTarget;
			buildConfigurationList = C170027C2A1F2758003E20C9 /* Build configuration list for PBXNativeTarget "Nativebrik_ExampleUITests" */;
			buildPhases = (
				C17002682A1F2758003E20C9 /* Sources */,
				C17002692A1F2758003E20C9 /* Frameworks */,
				C170026A2A1F2758003E20C9 /* Resources */,
			);
			buildRules = (
			);
			dependencies = (
				C170026E2A1F2758003E20C9 /* PBXTargetDependency */,
			);
			name = Nativebrik_ExampleUITests;
			productName = Nativebrik_ExampleUITests;
			productReference = C170026C2A1F2758003E20C9 /* Nativebrik_ExampleUITests.xctest */;
			productType = "com.apple.product-type.bundle.ui-testing";
		};
/* End PBXNativeTarget section */

/* Begin PBXProject section */
		C170024A2A1F2757003E20C9 /* Project object */ = {
			isa = PBXProject;
			attributes = {
				BuildIndependentTargetsInParallel = 1;
				LastSwiftUpdateCheck = 1340;
				LastUpgradeCheck = 1340;
				TargetAttributes = {
					C17002512A1F2757003E20C9 = {
						CreatedOnToolsVersion = 13.4.1;
					};
					C17002612A1F2758003E20C9 = {
						CreatedOnToolsVersion = 13.4.1;
						TestTargetID = C17002512A1F2757003E20C9;
					};
					C170026B2A1F2758003E20C9 = {
						CreatedOnToolsVersion = 13.4.1;
						TestTargetID = C17002512A1F2757003E20C9;
					};
				};
			};
			buildConfigurationList = C170024D2A1F2757003E20C9 /* Build configuration list for PBXProject "Nativebrik_Example" */;
			compatibilityVersion = "Xcode 13.0";
			developmentRegion = en;
			hasScannedForEncodings = 0;
			knownRegions = (
				en,
				Base,
			);
			mainGroup = C17002492A1F2757003E20C9;
			productRefGroup = C17002532A1F2757003E20C9 /* Products */;
			projectDirPath = "";
			projectRoot = "";
			targets = (
				C17002512A1F2757003E20C9 /* Nativebrik_Example */,
				C17002612A1F2758003E20C9 /* Nativebrik_ExampleTests */,
				C170026B2A1F2758003E20C9 /* Nativebrik_ExampleUITests */,
			);
		};
/* End PBXProject section */

/* Begin PBXResourcesBuildPhase section */
		C17002502A1F2757003E20C9 /* Resources */ = {
			isa = PBXResourcesBuildPhase;
			buildActionMask = 2147483647;
			files = (
				C170025D2A1F2758003E20C9 /* Preview Assets.xcassets in Resources */,
				C170025A2A1F2758003E20C9 /* Assets.xcassets in Resources */,
			);
			runOnlyForDeploymentPostprocessing = 0;
		};
		C17002602A1F2758003E20C9 /* Resources */ = {
			isa = PBXResourcesBuildPhase;
			buildActionMask = 2147483647;
			files = (
			);
			runOnlyForDeploymentPostprocessing = 0;
		};
		C170026A2A1F2758003E20C9 /* Resources */ = {
			isa = PBXResourcesBuildPhase;
			buildActionMask = 2147483647;
			files = (
			);
			runOnlyForDeploymentPostprocessing = 0;
		};
/* End PBXResourcesBuildPhase section */

/* Begin PBXShellScriptBuildPhase section */
		74386BCED223D1C6E1EC1043 /* [CP] Check Pods Manifest.lock */ = {
			isa = PBXShellScriptBuildPhase;
			buildActionMask = 2147483647;
			files = (
			);
			inputFileListPaths = (
			);
			inputPaths = (
				"${PODS_PODFILE_DIR_PATH}/Podfile.lock",
				"${PODS_ROOT}/Manifest.lock",
			);
			name = "[CP] Check Pods Manifest.lock";
			outputFileListPaths = (
			);
			outputPaths = (
				"$(DERIVED_FILE_DIR)/Pods-Nativebrik_ExampleTests-checkManifestLockResult.txt",
			);
			runOnlyForDeploymentPostprocessing = 0;
			shellPath = /bin/sh;
			shellScript = "diff \"${PODS_PODFILE_DIR_PATH}/Podfile.lock\" \"${PODS_ROOT}/Manifest.lock\" > /dev/null\nif [ $? != 0 ] ; then\n    # print error to STDERR\n    echo \"error: The sandbox is not in sync with the Podfile.lock. Run 'pod install' or update your CocoaPods installation.\" >&2\n    exit 1\nfi\n# This output is used by Xcode 'outputs' to avoid re-running this script phase.\necho \"SUCCESS\" > \"${SCRIPT_OUTPUT_FILE_0}\"\n";
			showEnvVarsInLog = 0;
		};
		7AFB1A74FAC56A701142BB63 /* [CP] Check Pods Manifest.lock */ = {
			isa = PBXShellScriptBuildPhase;
			buildActionMask = 2147483647;
			files = (
			);
			inputFileListPaths = (
			);
			inputPaths = (
				"${PODS_PODFILE_DIR_PATH}/Podfile.lock",
				"${PODS_ROOT}/Manifest.lock",
			);
			name = "[CP] Check Pods Manifest.lock";
			outputFileListPaths = (
			);
			outputPaths = (
				"$(DERIVED_FILE_DIR)/Pods-Nativebrik_Example-checkManifestLockResult.txt",
			);
			runOnlyForDeploymentPostprocessing = 0;
			shellPath = /bin/sh;
			shellScript = "diff \"${PODS_PODFILE_DIR_PATH}/Podfile.lock\" \"${PODS_ROOT}/Manifest.lock\" > /dev/null\nif [ $? != 0 ] ; then\n    # print error to STDERR\n    echo \"error: The sandbox is not in sync with the Podfile.lock. Run 'pod install' or update your CocoaPods installation.\" >&2\n    exit 1\nfi\n# This output is used by Xcode 'outputs' to avoid re-running this script phase.\necho \"SUCCESS\" > \"${SCRIPT_OUTPUT_FILE_0}\"\n";
			showEnvVarsInLog = 0;
		};
		7B0D1BB5D0612CF1161A087B /* [CP] Embed Pods Frameworks */ = {
			isa = PBXShellScriptBuildPhase;
			buildActionMask = 2147483647;
			files = (
			);
			inputFileListPaths = (
				"${PODS_ROOT}/Target Support Files/Pods-Nativebrik_Example/Pods-Nativebrik_Example-frameworks-${CONFIGURATION}-input-files.xcfilelist",
			);
			name = "[CP] Embed Pods Frameworks";
			outputFileListPaths = (
				"${PODS_ROOT}/Target Support Files/Pods-Nativebrik_Example/Pods-Nativebrik_Example-frameworks-${CONFIGURATION}-output-files.xcfilelist",
			);
			runOnlyForDeploymentPostprocessing = 0;
			shellPath = /bin/sh;
			shellScript = "\"${PODS_ROOT}/Target Support Files/Pods-Nativebrik_Example/Pods-Nativebrik_Example-frameworks.sh\"\n";
			showEnvVarsInLog = 0;
		};
		A408D8DC11386A82546BE130 /* [CP] Embed Pods Frameworks */ = {
			isa = PBXShellScriptBuildPhase;
			buildActionMask = 2147483647;
			files = (
			);
			inputFileListPaths = (
				"${PODS_ROOT}/Target Support Files/Pods-Nativebrik_ExampleTests/Pods-Nativebrik_ExampleTests-frameworks-${CONFIGURATION}-input-files.xcfilelist",
			);
			name = "[CP] Embed Pods Frameworks";
			outputFileListPaths = (
				"${PODS_ROOT}/Target Support Files/Pods-Nativebrik_ExampleTests/Pods-Nativebrik_ExampleTests-frameworks-${CONFIGURATION}-output-files.xcfilelist",
			);
			runOnlyForDeploymentPostprocessing = 0;
			shellPath = /bin/sh;
			shellScript = "\"${PODS_ROOT}/Target Support Files/Pods-Nativebrik_ExampleTests/Pods-Nativebrik_ExampleTests-frameworks.sh\"\n";
			showEnvVarsInLog = 0;
		};
/* End PBXShellScriptBuildPhase section */

/* Begin PBXSourcesBuildPhase section */
		C170024E2A1F2757003E20C9 /* Sources */ = {
			isa = PBXSourcesBuildPhase;
			buildActionMask = 2147483647;
			files = (
				C17002582A1F2757003E20C9 /* ContentView.swift in Sources */,
				C17002562A1F2757003E20C9 /* Nativebrik_ExampleApp.swift in Sources */,
			);
			runOnlyForDeploymentPostprocessing = 0;
		};
		C170025E2A1F2758003E20C9 /* Sources */ = {
			isa = PBXSourcesBuildPhase;
			buildActionMask = 2147483647;
			files = (
				C17002672A1F2758003E20C9 /* Nativebrik_ExampleTests.swift in Sources */,
			);
			runOnlyForDeploymentPostprocessing = 0;
		};
		C17002682A1F2758003E20C9 /* Sources */ = {
			isa = PBXSourcesBuildPhase;
			buildActionMask = 2147483647;
			files = (
				C17002732A1F2758003E20C9 /* Nativebrik_ExampleUITestsLaunchTests.swift in Sources */,
				C17002712A1F2758003E20C9 /* Nativebrik_ExampleUITests.swift in Sources */,
			);
			runOnlyForDeploymentPostprocessing = 0;
		};
/* End PBXSourcesBuildPhase section */

/* Begin PBXTargetDependency section */
		C17002642A1F2758003E20C9 /* PBXTargetDependency */ = {
			isa = PBXTargetDependency;
			target = C17002512A1F2757003E20C9 /* Nativebrik_Example */;
			targetProxy = C17002632A1F2758003E20C9 /* PBXContainerItemProxy */;
		};
		C170026E2A1F2758003E20C9 /* PBXTargetDependency */ = {
			isa = PBXTargetDependency;
			target = C17002512A1F2757003E20C9 /* Nativebrik_Example */;
			targetProxy = C170026D2A1F2758003E20C9 /* PBXContainerItemProxy */;
		};
/* End PBXTargetDependency section */

/* Begin XCBuildConfiguration section */
		C17002742A1F2758003E20C9 /* Debug */ = {
			isa = XCBuildConfiguration;
			buildSettings = {
				ALWAYS_SEARCH_USER_PATHS = NO;
				CLANG_ANALYZER_NONNULL = YES;
				CLANG_ANALYZER_NUMBER_OBJECT_CONVERSION = YES_AGGRESSIVE;
				CLANG_CXX_LANGUAGE_STANDARD = "gnu++17";
				CLANG_ENABLE_MODULES = YES;
				CLANG_ENABLE_OBJC_ARC = YES;
				CLANG_ENABLE_OBJC_WEAK = YES;
				CLANG_WARN_BLOCK_CAPTURE_AUTORELEASING = YES;
				CLANG_WARN_BOOL_CONVERSION = YES;
				CLANG_WARN_COMMA = YES;
				CLANG_WARN_CONSTANT_CONVERSION = YES;
				CLANG_WARN_DEPRECATED_OBJC_IMPLEMENTATIONS = YES;
				CLANG_WARN_DIRECT_OBJC_ISA_USAGE = YES_ERROR;
				CLANG_WARN_DOCUMENTATION_COMMENTS = YES;
				CLANG_WARN_EMPTY_BODY = YES;
				CLANG_WARN_ENUM_CONVERSION = YES;
				CLANG_WARN_INFINITE_RECURSION = YES;
				CLANG_WARN_INT_CONVERSION = YES;
				CLANG_WARN_NON_LITERAL_NULL_CONVERSION = YES;
				CLANG_WARN_OBJC_IMPLICIT_RETAIN_SELF = YES;
				CLANG_WARN_OBJC_LITERAL_CONVERSION = YES;
				CLANG_WARN_OBJC_ROOT_CLASS = YES_ERROR;
				CLANG_WARN_QUOTED_INCLUDE_IN_FRAMEWORK_HEADER = YES;
				CLANG_WARN_RANGE_LOOP_ANALYSIS = YES;
				CLANG_WARN_STRICT_PROTOTYPES = YES;
				CLANG_WARN_SUSPICIOUS_MOVE = YES;
				CLANG_WARN_UNGUARDED_AVAILABILITY = YES_AGGRESSIVE;
				CLANG_WARN_UNREACHABLE_CODE = YES;
				CLANG_WARN__DUPLICATE_METHOD_MATCH = YES;
				COPY_PHASE_STRIP = NO;
				DEBUG_INFORMATION_FORMAT = dwarf;
				ENABLE_STRICT_OBJC_MSGSEND = YES;
				ENABLE_TESTABILITY = YES;
				GCC_C_LANGUAGE_STANDARD = gnu11;
				GCC_DYNAMIC_NO_PIC = NO;
				GCC_NO_COMMON_BLOCKS = YES;
				GCC_OPTIMIZATION_LEVEL = 0;
				GCC_PREPROCESSOR_DEFINITIONS = (
					"DEBUG=1",
					"$(inherited)",
				);
				GCC_WARN_64_TO_32_BIT_CONVERSION = YES;
				GCC_WARN_ABOUT_RETURN_TYPE = YES_ERROR;
				GCC_WARN_UNDECLARED_SELECTOR = YES;
				GCC_WARN_UNINITIALIZED_AUTOS = YES_AGGRESSIVE;
				GCC_WARN_UNUSED_FUNCTION = YES;
				GCC_WARN_UNUSED_VARIABLE = YES;
				IPHONEOS_DEPLOYMENT_TARGET = 16.4;
				MTL_ENABLE_DEBUG_INFO = INCLUDE_SOURCE;
				MTL_FAST_MATH = YES;
				ONLY_ACTIVE_ARCH = YES;
				SDKROOT = iphoneos;
				SWIFT_ACTIVE_COMPILATION_CONDITIONS = DEBUG;
				SWIFT_OPTIMIZATION_LEVEL = "-Onone";
			};
			name = Debug;
		};
		C17002752A1F2758003E20C9 /* Release */ = {
			isa = XCBuildConfiguration;
			buildSettings = {
				ALWAYS_SEARCH_USER_PATHS = NO;
				CLANG_ANALYZER_NONNULL = YES;
				CLANG_ANALYZER_NUMBER_OBJECT_CONVERSION = YES_AGGRESSIVE;
				CLANG_CXX_LANGUAGE_STANDARD = "gnu++17";
				CLANG_ENABLE_MODULES = YES;
				CLANG_ENABLE_OBJC_ARC = YES;
				CLANG_ENABLE_OBJC_WEAK = YES;
				CLANG_WARN_BLOCK_CAPTURE_AUTORELEASING = YES;
				CLANG_WARN_BOOL_CONVERSION = YES;
				CLANG_WARN_COMMA = YES;
				CLANG_WARN_CONSTANT_CONVERSION = YES;
				CLANG_WARN_DEPRECATED_OBJC_IMPLEMENTATIONS = YES;
				CLANG_WARN_DIRECT_OBJC_ISA_USAGE = YES_ERROR;
				CLANG_WARN_DOCUMENTATION_COMMENTS = YES;
				CLANG_WARN_EMPTY_BODY = YES;
				CLANG_WARN_ENUM_CONVERSION = YES;
				CLANG_WARN_INFINITE_RECURSION = YES;
				CLANG_WARN_INT_CONVERSION = YES;
				CLANG_WARN_NON_LITERAL_NULL_CONVERSION = YES;
				CLANG_WARN_OBJC_IMPLICIT_RETAIN_SELF = YES;
				CLANG_WARN_OBJC_LITERAL_CONVERSION = YES;
				CLANG_WARN_OBJC_ROOT_CLASS = YES_ERROR;
				CLANG_WARN_QUOTED_INCLUDE_IN_FRAMEWORK_HEADER = YES;
				CLANG_WARN_RANGE_LOOP_ANALYSIS = YES;
				CLANG_WARN_STRICT_PROTOTYPES = YES;
				CLANG_WARN_SUSPICIOUS_MOVE = YES;
				CLANG_WARN_UNGUARDED_AVAILABILITY = YES_AGGRESSIVE;
				CLANG_WARN_UNREACHABLE_CODE = YES;
				CLANG_WARN__DUPLICATE_METHOD_MATCH = YES;
				COPY_PHASE_STRIP = NO;
				DEBUG_INFORMATION_FORMAT = "dwarf-with-dsym";
				ENABLE_NS_ASSERTIONS = NO;
				ENABLE_STRICT_OBJC_MSGSEND = YES;
				GCC_C_LANGUAGE_STANDARD = gnu11;
				GCC_NO_COMMON_BLOCKS = YES;
				GCC_WARN_64_TO_32_BIT_CONVERSION = YES;
				GCC_WARN_ABOUT_RETURN_TYPE = YES_ERROR;
				GCC_WARN_UNDECLARED_SELECTOR = YES;
				GCC_WARN_UNINITIALIZED_AUTOS = YES_AGGRESSIVE;
				GCC_WARN_UNUSED_FUNCTION = YES;
				GCC_WARN_UNUSED_VARIABLE = YES;
				IPHONEOS_DEPLOYMENT_TARGET = 16.4;
				MTL_ENABLE_DEBUG_INFO = NO;
				MTL_FAST_MATH = YES;
				SDKROOT = iphoneos;
				SWIFT_COMPILATION_MODE = wholemodule;
				SWIFT_OPTIMIZATION_LEVEL = "-O";
				VALIDATE_PRODUCT = YES;
			};
			name = Release;
		};
		C17002772A1F2758003E20C9 /* Debug */ = {
			isa = XCBuildConfiguration;
			baseConfigurationReference = D02D15D30014AA4C133B54DE /* Pods-Nativebrik_Example.debug.xcconfig */;
			buildSettings = {
				ASSETCATALOG_COMPILER_APPICON_NAME = AppIcon;
				ASSETCATALOG_COMPILER_GLOBAL_ACCENT_COLOR_NAME = AccentColor;
				CODE_SIGN_STYLE = Automatic;
				CURRENT_PROJECT_VERSION = 1;
				DEVELOPMENT_ASSET_PATHS = "\"Nativebrik_Example/Preview Content\"";
				DEVELOPMENT_TEAM = M3LJ3SDTT4;
				ENABLE_PREVIEWS = YES;
				GENERATE_INFOPLIST_FILE = YES;
				INFOPLIST_KEY_UIApplicationSceneManifest_Generation = YES;
				INFOPLIST_KEY_UIApplicationSupportsIndirectInputEvents = YES;
				INFOPLIST_KEY_UILaunchScreen_Generation = YES;
				INFOPLIST_KEY_UISupportedInterfaceOrientations_iPad = "UIInterfaceOrientationPortrait UIInterfaceOrientationPortraitUpsideDown UIInterfaceOrientationLandscapeLeft UIInterfaceOrientationLandscapeRight";
				INFOPLIST_KEY_UISupportedInterfaceOrientations_iPhone = "UIInterfaceOrientationPortrait UIInterfaceOrientationLandscapeLeft UIInterfaceOrientationLandscapeRight";
				LD_RUNPATH_SEARCH_PATHS = (
					"$(inherited)",
					"@executable_path/Frameworks",
				);
				MARKETING_VERSION = 1.0.2;
				PRODUCT_BUNDLE_IDENTIFIER = com.natvebrik.example;
				PRODUCT_NAME = "$(TARGET_NAME)";
				SWIFT_EMIT_LOC_STRINGS = YES;
				SWIFT_VERSION = 5.0;
				TARGETED_DEVICE_FAMILY = "1,2";
			};
			name = Debug;
		};
		C17002782A1F2758003E20C9 /* Release */ = {
			isa = XCBuildConfiguration;
			baseConfigurationReference = 780618F358D431D88216D77A /* Pods-Nativebrik_Example.release.xcconfig */;
			buildSettings = {
				ASSETCATALOG_COMPILER_APPICON_NAME = AppIcon;
				ASSETCATALOG_COMPILER_GLOBAL_ACCENT_COLOR_NAME = AccentColor;
				CODE_SIGN_STYLE = Automatic;
				CURRENT_PROJECT_VERSION = 1;
				DEVELOPMENT_ASSET_PATHS = "\"Nativebrik_Example/Preview Content\"";
				DEVELOPMENT_TEAM = M3LJ3SDTT4;
				ENABLE_PREVIEWS = YES;
				GENERATE_INFOPLIST_FILE = YES;
				INFOPLIST_KEY_UIApplicationSceneManifest_Generation = YES;
				INFOPLIST_KEY_UIApplicationSupportsIndirectInputEvents = YES;
				INFOPLIST_KEY_UILaunchScreen_Generation = YES;
				INFOPLIST_KEY_UISupportedInterfaceOrientations_iPad = "UIInterfaceOrientationPortrait UIInterfaceOrientationPortraitUpsideDown UIInterfaceOrientationLandscapeLeft UIInterfaceOrientationLandscapeRight";
				INFOPLIST_KEY_UISupportedInterfaceOrientations_iPhone = "UIInterfaceOrientationPortrait UIInterfaceOrientationLandscapeLeft UIInterfaceOrientationLandscapeRight";
				LD_RUNPATH_SEARCH_PATHS = (
					"$(inherited)",
					"@executable_path/Frameworks",
				);
				MARKETING_VERSION = 1.0.2;
				PRODUCT_BUNDLE_IDENTIFIER = com.natvebrik.example;
				PRODUCT_NAME = "$(TARGET_NAME)";
				SWIFT_EMIT_LOC_STRINGS = YES;
				SWIFT_VERSION = 5.0;
				TARGETED_DEVICE_FAMILY = "1,2";
			};
			name = Release;
		};
		C170027A2A1F2758003E20C9 /* Debug */ = {
			isa = XCBuildConfiguration;
			baseConfigurationReference = C6254460EA9239CC055C7668 /* Pods-Nativebrik_ExampleTests.debug.xcconfig */;
			buildSettings = {
				ALWAYS_EMBED_SWIFT_STANDARD_LIBRARIES = YES;
				BUNDLE_LOADER = "$(TEST_HOST)";
				CODE_SIGN_STYLE = Automatic;
				CURRENT_PROJECT_VERSION = 1;
				GENERATE_INFOPLIST_FILE = YES;
				IPHONEOS_DEPLOYMENT_TARGET = 15.5;
				MARKETING_VERSION = 1.0;
				PRODUCT_BUNDLE_IDENTIFIER = "ryosukesuzuki.Nativebrik-ExampleTests";
				PRODUCT_NAME = "$(TARGET_NAME)";
				SWIFT_EMIT_LOC_STRINGS = NO;
				SWIFT_VERSION = 5.0;
				TARGETED_DEVICE_FAMILY = "1,2";
				TEST_HOST = "$(BUILT_PRODUCTS_DIR)/Nativebrik_Example.app/Nativebrik_Example";
			};
			name = Debug;
		};
		C170027B2A1F2758003E20C9 /* Release */ = {
			isa = XCBuildConfiguration;
			baseConfigurationReference = 06D813980A5CAC2168CC8A49 /* Pods-Nativebrik_ExampleTests.release.xcconfig */;
			buildSettings = {
				ALWAYS_EMBED_SWIFT_STANDARD_LIBRARIES = YES;
				BUNDLE_LOADER = "$(TEST_HOST)";
				CODE_SIGN_STYLE = Automatic;
				CURRENT_PROJECT_VERSION = 1;
				GENERATE_INFOPLIST_FILE = YES;
				IPHONEOS_DEPLOYMENT_TARGET = 15.5;
				MARKETING_VERSION = 1.0;
				PRODUCT_BUNDLE_IDENTIFIER = "ryosukesuzuki.Nativebrik-ExampleTests";
				PRODUCT_NAME = "$(TARGET_NAME)";
				SWIFT_EMIT_LOC_STRINGS = NO;
				SWIFT_VERSION = 5.0;
				TARGETED_DEVICE_FAMILY = "1,2";
				TEST_HOST = "$(BUILT_PRODUCTS_DIR)/Nativebrik_Example.app/Nativebrik_Example";
			};
			name = Release;
		};
		C170027D2A1F2758003E20C9 /* Debug */ = {
			isa = XCBuildConfiguration;
			buildSettings = {
				ALWAYS_EMBED_SWIFT_STANDARD_LIBRARIES = YES;
				CODE_SIGN_STYLE = Automatic;
				CURRENT_PROJECT_VERSION = 1;
				GENERATE_INFOPLIST_FILE = YES;
				MARKETING_VERSION = 1.0;
				PRODUCT_BUNDLE_IDENTIFIER = "ryosukesuzuki.Nativebrik-ExampleUITests";
				PRODUCT_NAME = "$(TARGET_NAME)";
				SWIFT_EMIT_LOC_STRINGS = NO;
				SWIFT_VERSION = 5.0;
				TARGETED_DEVICE_FAMILY = "1,2";
				TEST_TARGET_NAME = Nativebrik_Example;
			};
			name = Debug;
		};
		C170027E2A1F2758003E20C9 /* Release */ = {
			isa = XCBuildConfiguration;
			buildSettings = {
				ALWAYS_EMBED_SWIFT_STANDARD_LIBRARIES = YES;
				CODE_SIGN_STYLE = Automatic;
				CURRENT_PROJECT_VERSION = 1;
				GENERATE_INFOPLIST_FILE = YES;
				MARKETING_VERSION = 1.0;
				PRODUCT_BUNDLE_IDENTIFIER = "ryosukesuzuki.Nativebrik-ExampleUITests";
				PRODUCT_NAME = "$(TARGET_NAME)";
				SWIFT_EMIT_LOC_STRINGS = NO;
				SWIFT_VERSION = 5.0;
				TARGETED_DEVICE_FAMILY = "1,2";
				TEST_TARGET_NAME = Nativebrik_Example;
			};
			name = Release;
		};
/* End XCBuildConfiguration section */

/* Begin XCConfigurationList section */
		C170024D2A1F2757003E20C9 /* Build configuration list for PBXProject "Nativebrik_Example" */ = {
			isa = XCConfigurationList;
			buildConfigurations = (
				C17002742A1F2758003E20C9 /* Debug */,
				C17002752A1F2758003E20C9 /* Release */,
			);
			defaultConfigurationIsVisible = 0;
			defaultConfigurationName = Release;
		};
		C17002762A1F2758003E20C9 /* Build configuration list for PBXNativeTarget "Nativebrik_Example" */ = {
			isa = XCConfigurationList;
			buildConfigurations = (
				C17002772A1F2758003E20C9 /* Debug */,
				C17002782A1F2758003E20C9 /* Release */,
			);
			defaultConfigurationIsVisible = 0;
			defaultConfigurationName = Release;
		};
		C17002792A1F2758003E20C9 /* Build configuration list for PBXNativeTarget "Nativebrik_ExampleTests" */ = {
			isa = XCConfigurationList;
			buildConfigurations = (
				C170027A2A1F2758003E20C9 /* Debug */,
				C170027B2A1F2758003E20C9 /* Release */,
			);
			defaultConfigurationIsVisible = 0;
			defaultConfigurationName = Release;
		};
		C170027C2A1F2758003E20C9 /* Build configuration list for PBXNativeTarget "Nativebrik_ExampleUITests" */ = {
			isa = XCConfigurationList;
			buildConfigurations = (
				C170027D2A1F2758003E20C9 /* Debug */,
				C170027E2A1F2758003E20C9 /* Release */,
			);
			defaultConfigurationIsVisible = 0;
			defaultConfigurationName = Release;
		};
/* End XCConfigurationList section */
	};
	rootObject = C170024A2A1F2757003E20C9 /* Project object */;
}
