// !$*UTF8*$!
{
	archiveVersion = 1;
	classes = {
	};
	objectVersion = 77;
	objects = {

/* Begin PBXBuildFile section */
		4CE483DA76D17C7560D1743F /* Pods_PodBuilder.framework in Frameworks */ = {isa = PBXBuildFile; fileRef = D1BFF71BF06B09E6BE6EFCC3 /* Pods_PodBuilder.framework */; };
/* End PBXBuildFile section */

/* Begin PBXContainerItemProxy section */
		F4699B182E7C04E000D0D7A4 /* PBXContainerItemProxy */ = {
			isa = PBXContainerItemProxy;
			containerPortal = F4699AFF2E7C04DF00D0D7A4 /* Project object */;
			proxyType = 1;
			remoteGlobalIDString = F4699B062E7C04DF00D0D7A4;
			remoteInfo = PodBuilder;
		};
		F4699B222E7C04E000D0D7A4 /* PBXContainerItemProxy */ = {
			isa = PBXContainerItemProxy;
			containerPortal = F4699AFF2E7C04DF00D0D7A4 /* Project object */;
			proxyType = 1;
			remoteGlobalIDString = F4699B062E7C04DF00D0D7A4;
			remoteInfo = PodBuilder;
		};
/* End PBXContainerItemProxy section */

/* Begin PBXFileReference section */
		97B755DC0F2367CC32A1805F /* Pods-PodBuilder.debug.xcconfig */ = {isa = PBXFileReference; includeInIndex = 1; lastKnownFileType = text.xcconfig; name = "Pods-PodBuilder.debug.xcconfig"; path = "Target Support Files/Pods-PodBuilder/Pods-PodBuilder.debug.xcconfig"; sourceTree = "<group>"; };
		D1BFF71BF06B09E6BE6EFCC3 /* Pods_PodBuilder.framework */ = {isa = PBXFileReference; explicitFileType = wrapper.framework; includeInIndex = 0; path = Pods_PodBuilder.framework; sourceTree = BUILT_PRODUCTS_DIR; };
		DAAE15950916ADB8C17E9E68 /* Pods-PodBuilder.release.xcconfig */ = {isa = PBXFileReference; includeInIndex = 1; lastKnownFileType = text.xcconfig; name = "Pods-PodBuilder.release.xcconfig"; path = "Target Support Files/Pods-PodBuilder/Pods-PodBuilder.release.xcconfig"; sourceTree = "<group>"; };
		F4699B072E7C04DF00D0D7A4 /* PodBuilder.app */ = {isa = PBXFileReference; explicitFileType = wrapper.application; includeInIndex = 0; path = PodBuilder.app; sourceTree = BUILT_PRODUCTS_DIR; };
		F4699B172E7C04E000D0D7A4 /* PodBuilderTests.xctest */ = {isa = PBXFileReference; explicitFileType = wrapper.cfbundle; includeInIndex = 0; path = PodBuilderTests.xctest; sourceTree = BUILT_PRODUCTS_DIR; };
		F4699B212E7C04E000D0D7A4 /* PodBuilderUITests.xctest */ = {isa = PBXFileReference; explicitFileType = wrapper.cfbundle; includeInIndex = 0; path = PodBuilderUITests.xctest; sourceTree = BUILT_PRODUCTS_DIR; };
/* End PBXFileReference section */

/* Begin PBXFileSystemSynchronizedRootGroup section */
		F4699B092E7C04DF00D0D7A4 /* PodBuilder */ = {
			isa = PBXFileSystemSynchronizedRootGroup;
			exceptions = (
			);
			path = PodBuilder;
			sourceTree = "<group>";
		};
		F4699B1A2E7C04E000D0D7A4 /* PodBuilderTests */ = {
			isa = PBXFileSystemSynchronizedRootGroup;
			exceptions = (
			);
			path = PodBuilderTests;
			sourceTree = "<group>";
		};
		F4699B242E7C04E000D0D7A4 /* PodBuilderUITests */ = {
			isa = PBXFileSystemSynchronizedRootGroup;
			exceptions = (
			);
			path = PodBuilderUITests;
			sourceTree = "<group>";
		};
/* End PBXFileSystemSynchronizedRootGroup section */

/* Begin PBXFrameworksBuildPhase section */
		F4699B042E7C04DF00D0D7A4 /* Frameworks */ = {
			isa = PBXFrameworksBuildPhase;
			buildActionMask = 2147483647;
			files = (
				4CE483DA76D17C7560D1743F /* Pods_PodBuilder.framework in Frameworks */,
			);
			runOnlyForDeploymentPostprocessing = 0;
		};
		F4699B142E7C04E000D0D7A4 /* Frameworks */ = {
			isa = PBXFrameworksBuildPhase;
			buildActionMask = 2147483647;
			files = (
			);
			runOnlyForDeploymentPostprocessing = 0;
		};
		F4699B1E2E7C04E000D0D7A4 /* Frameworks */ = {
			isa = PBXFrameworksBuildPhase;
			buildActionMask = 2147483647;
			files = (
			);
			runOnlyForDeploymentPostprocessing = 0;
		};
/* End PBXFrameworksBuildPhase section */

/* Begin PBXGroup section */
		75104AE4366FFCC222683ED1 /* Pods */ = {
			isa = PBXGroup;
			children = (
				97B755DC0F2367CC32A1805F /* Pods-PodBuilder.debug.xcconfig */,
				DAAE15950916ADB8C17E9E68 /* Pods-PodBuilder.release.xcconfig */,
			);
			name = Pods;
			path = Pods;
			sourceTree = "<group>";
		};
		85E5C057BC10597273CBDC5A /* Frameworks */ = {
			isa = PBXGroup;
			children = (
				D1BFF71BF06B09E6BE6EFCC3 /* Pods_PodBuilder.framework */,
			);
			name = Frameworks;
			sourceTree = "<group>";
		};
		F4699AFE2E7C04DF00D0D7A4 = {
			isa = PBXGroup;
			children = (
				F4699B092E7C04DF00D0D7A4 /* PodBuilder */,
				F4699B1A2E7C04E000D0D7A4 /* PodBuilderTests */,
				F4699B242E7C04E000D0D7A4 /* PodBuilderUITests */,
				F4699B082E7C04DF00D0D7A4 /* Products */,
				75104AE4366FFCC222683ED1 /* Pods */,
				85E5C057BC10597273CBDC5A /* Frameworks */,
			);
			sourceTree = "<group>";
		};
		F4699B082E7C04DF00D0D7A4 /* Products */ = {
			isa = PBXGroup;
			children = (
				F4699B072E7C04DF00D0D7A4 /* PodBuilder.app */,
				F4699B172E7C04E000D0D7A4 /* PodBuilderTests.xctest */,
				F4699B212E7C04E000D0D7A4 /* PodBuilderUITests.xctest */,
			);
			name = Products;
			sourceTree = "<group>";
		};
/* End PBXGroup section */

/* Begin PBXNativeTarget section */
		F4699B062E7C04DF00D0D7A4 /* PodBuilder */ = {
			isa = PBXNativeTarget;
			buildConfigurationList = F4699B2B2E7C04E000D0D7A4 /* Build configuration list for PBXNativeTarget "PodBuilder" */;
			buildPhases = (
				389D54248A275B76FB1AFD98 /* [CP] Check Pods Manifest.lock */,
				F4699B032E7C04DF00D0D7A4 /* Sources */,
				F4699B042E7C04DF00D0D7A4 /* Frameworks */,
				F4699B052E7C04DF00D0D7A4 /* Resources */,
				2244EEB3A7E235465DEC4DF2 /* [CP] Embed Pods Frameworks */,
			);
			buildRules = (
			);
			dependencies = (
			);
			fileSystemSynchronizedGroups = (
				F4699B092E7C04DF00D0D7A4 /* PodBuilder */,
			);
			name = PodBuilder;
			productName = PodBuilder;
			productReference = F4699B072E7C04DF00D0D7A4 /* PodBuilder.app */;
			productType = "com.apple.product-type.application";
		};
		F4699B162E7C04E000D0D7A4 /* PodBuilderTests */ = {
			isa = PBXNativeTarget;
			buildConfigurationList = F4699B2E2E7C04E000D0D7A4 /* Build configuration list for PBXNativeTarget "PodBuilderTests" */;
			buildPhases = (
				F4699B132E7C04E000D0D7A4 /* Sources */,
				F4699B142E7C04E000D0D7A4 /* Frameworks */,
				F4699B152E7C04E000D0D7A4 /* Resources */,
			);
			buildRules = (
			);
			dependencies = (
				F4699B192E7C04E000D0D7A4 /* PBXTargetDependency */,
			);
			fileSystemSynchronizedGroups = (
				F4699B1A2E7C04E000D0D7A4 /* PodBuilderTests */,
			);
			name = PodBuilderTests;
			productName = PodBuilderTests;
			productReference = F4699B172E7C04E000D0D7A4 /* PodBuilderTests.xctest */;
			productType = "com.apple.product-type.bundle.unit-test";
		};
		F4699B202E7C04E000D0D7A4 /* PodBuilderUITests */ = {
			isa = PBXNativeTarget;
			buildConfigurationList = F4699B312E7C04E000D0D7A4 /* Build configuration list for PBXNativeTarget "PodBuilderUITests" */;
			buildPhases = (
				F4699B1D2E7C04E000D0D7A4 /* Sources */,
				F4699B1E2E7C04E000D0D7A4 /* Frameworks */,
				F4699B1F2E7C04E000D0D7A4 /* Resources */,
			);
			buildRules = (
			);
			dependencies = (
				F4699B232E7C04E000D0D7A4 /* PBXTargetDependency */,
			);
			fileSystemSynchronizedGroups = (
				F4699B242E7C04E000D0D7A4 /* PodBuilderUITests */,
			);
			name = PodBuilderUITests;
			productName = PodBuilderUITests;
			productReference = F4699B212E7C04E000D0D7A4 /* PodBuilderUITests.xctest */;
			productType = "com.apple.product-type.bundle.ui-testing";
		};
/* End PBXNativeTarget section */

/* Begin PBXProject section */
		F4699AFF2E7C04DF00D0D7A4 /* Project object */ = {
			isa = PBXProject;
			attributes = {
				BuildIndependentTargetsInParallel = 1;
				LastSwiftUpdateCheck = 1620;
				LastUpgradeCheck = 1620;
				TargetAttributes = {
					F4699B062E7C04DF00D0D7A4 = {
						CreatedOnToolsVersion = 16.2;
					};
					F4699B162E7C04E000D0D7A4 = {
						CreatedOnToolsVersion = 16.2;
						TestTargetID = F4699B062E7C04DF00D0D7A4;
					};
					F4699B202E7C04E000D0D7A4 = {
						CreatedOnToolsVersion = 16.2;
						TestTargetID = F4699B062E7C04DF00D0D7A4;
					};
				};
			};
			buildConfigurationList = F4699B022E7C04DF00D0D7A4 /* Build configuration list for PBXProject "PodBuilder" */;
			developmentRegion = en;
			hasScannedForEncodings = 0;
			knownRegions = (
				en,
				Base,
			);
			mainGroup = F4699AFE2E7C04DF00D0D7A4;
			minimizedProjectReferenceProxies = 1;
			preferredProjectObjectVersion = 77;
			productRefGroup = F4699B082E7C04DF00D0D7A4 /* Products */;
			projectDirPath = "";
			projectRoot = "";
			targets = (
				F4699B062E7C04DF00D0D7A4 /* PodBuilder */,
				F4699B162E7C04E000D0D7A4 /* PodBuilderTests */,
				F4699B202E7C04E000D0D7A4 /* PodBuilderUITests */,
			);
		};
/* End PBXProject section */

/* Begin PBXResourcesBuildPhase section */
		F4699B052E7C04DF00D0D7A4 /* Resources */ = {
			isa = PBXResourcesBuildPhase;
			buildActionMask = 2147483647;
			files = (
			);
			runOnlyForDeploymentPostprocessing = 0;
		};
		F4699B152E7C04E000D0D7A4 /* Resources */ = {
			isa = PBXResourcesBuildPhase;
			buildActionMask = 2147483647;
			files = (
			);
			runOnlyForDeploymentPostprocessing = 0;
		};
		F4699B1F2E7C04E000D0D7A4 /* Resources */ = {
			isa = PBXResourcesBuildPhase;
			buildActionMask = 2147483647;
			files = (
			);
			runOnlyForDeploymentPostprocessing = 0;
		};
/* End PBXResourcesBuildPhase section */

/* Begin PBXShellScriptBuildPhase section */
		2244EEB3A7E235465DEC4DF2 /* [CP] Embed Pods Frameworks */ = {
			isa = PBXShellScriptBuildPhase;
			buildActionMask = 2147483647;
			files = (
			);
			inputFileListPaths = (
				"${PODS_ROOT}/Target Support Files/Pods-PodBuilder/Pods-PodBuilder-frameworks-${CONFIGURATION}-input-files.xcfilelist",
			);
			name = "[CP] Embed Pods Frameworks";
			outputFileListPaths = (
				"${PODS_ROOT}/Target Support Files/Pods-PodBuilder/Pods-PodBuilder-frameworks-${CONFIGURATION}-output-files.xcfilelist",
			);
			runOnlyForDeploymentPostprocessing = 0;
			shellPath = /bin/sh;
			shellScript = "\"${PODS_ROOT}/Target Support Files/Pods-PodBuilder/Pods-PodBuilder-frameworks.sh\"\n";
			showEnvVarsInLog = 0;
		};
		389D54248A275B76FB1AFD98 /* [CP] Check Pods Manifest.lock */ = {
			isa = PBXShellScriptBuildPhase;
			buildActionMask = 2147483647;
			files = (
			);
			inputFileListPaths = (
			);
			inputPaths = (
				"${PODS_PODFILE_DIR_PATH}/Podfile.lock",
				"${PODS_ROOT}/Manifest.lock",
			);
			name = "[CP] Check Pods Manifest.lock";
			outputFileListPaths = (
			);
			outputPaths = (
				"$(DERIVED_FILE_DIR)/Pods-PodBuilder-checkManifestLockResult.txt",
			);
			runOnlyForDeploymentPostprocessing = 0;
			shellPath = /bin/sh;
			shellScript = "diff \"${PODS_PODFILE_DIR_PATH}/Podfile.lock\" \"${PODS_ROOT}/Manifest.lock\" > /dev/null\nif [ $? != 0 ] ; then\n    # print error to STDERR\n    echo \"error: The sandbox is not in sync with the Podfile.lock. Run 'pod install' or update your CocoaPods installation.\" >&2\n    exit 1\nfi\n# This output is used by Xcode 'outputs' to avoid re-running this script phase.\necho \"SUCCESS\" > \"${SCRIPT_OUTPUT_FILE_0}\"\n";
			showEnvVarsInLog = 0;
		};
/* End PBXShellScriptBuildPhase section */

/* Begin PBXSourcesBuildPhase section */
		F4699B032E7C04DF00D0D7A4 /* Sources */ = {
			isa = PBXSourcesBuildPhase;
			buildActionMask = 2147483647;
			files = (
			);
			runOnlyForDeploymentPostprocessing = 0;
		};
		F4699B132E7C04E000D0D7A4 /* Sources */ = {
			isa = PBXSourcesBuildPhase;
			buildActionMask = 2147483647;
			files = (
			);
			runOnlyForDeploymentPostprocessing = 0;
		};
		F4699B1D2E7C04E000D0D7A4 /* Sources */ = {
			isa = PBXSourcesBuildPhase;
			buildActionMask = 2147483647;
			files = (
			);
			runOnlyForDeploymentPostprocessing = 0;
		};
/* End PBXSourcesBuildPhase section */

/* Begin PBXTargetDependency section */
		F4699B192E7C04E000D0D7A4 /* PBXTargetDependency */ = {
			isa = PBXTargetDependency;
			target = F4699B062E7C04DF00D0D7A4 /* PodBuilder */;
			targetProxy = F4699B182E7C04E000D0D7A4 /* PBXContainerItemProxy */;
		};
		F4699B232E7C04E000D0D7A4 /* PBXTargetDependency */ = {
			isa = PBXTargetDependency;
			target = F4699B062E7C04DF00D0D7A4 /* PodBuilder */;
			targetProxy = F4699B222E7C04E000D0D7A4 /* PBXContainerItemProxy */;
		};
/* End PBXTargetDependency section */

/* Begin XCBuildConfiguration section */
		F4699B292E7C04E000D0D7A4 /* Debug */ = {
			isa = XCBuildConfiguration;
			buildSettings = {
				ALWAYS_SEARCH_USER_PATHS = NO;
				ASSETCATALOG_COMPILER_GENERATE_SWIFT_ASSET_SYMBOL_EXTENSIONS = YES;
				CLANG_ANALYZER_NONNULL = YES;
				CLANG_ANALYZER_NUMBER_OBJECT_CONVERSION = YES_AGGRESSIVE;
				CLANG_CXX_LANGUAGE_STANDARD = "gnu++20";
				CLANG_ENABLE_MODULES = YES;
				CLANG_ENABLE_OBJC_ARC = YES;
				CLANG_ENABLE_OBJC_WEAK = YES;
				CLANG_WARN_BLOCK_CAPTURE_AUTORELEASING = YES;
				CLANG_WARN_BOOL_CONVERSION = YES;
				CLANG_WARN_COMMA = YES;
				CLANG_WARN_CONSTANT_CONVERSION = YES;
				CLANG_WARN_DEPRECATED_OBJC_IMPLEMENTATIONS = YES;
				CLANG_WARN_DIRECT_OBJC_ISA_USAGE = YES_ERROR;
				CLANG_WARN_DOCUMENTATION_COMMENTS = YES;
				CLANG_WARN_EMPTY_BODY = YES;
				CLANG_WARN_ENUM_CONVERSION = YES;
				CLANG_WARN_INFINITE_RECURSION = YES;
				CLANG_WARN_INT_CONVERSION = YES;
				CLANG_WARN_NON_LITERAL_NULL_CONVERSION = YES;
				CLANG_WARN_OBJC_IMPLICIT_RETAIN_SELF = YES;
				CLANG_WARN_OBJC_LITERAL_CONVERSION = YES;
				CLANG_WARN_OBJC_ROOT_CLASS = YES_ERROR;
				CLANG_WARN_QUOTED_INCLUDE_IN_FRAMEWORK_HEADER = YES;
				CLANG_WARN_RANGE_LOOP_ANALYSIS = YES;
				CLANG_WARN_STRICT_PROTOTYPES = YES;
				CLANG_WARN_SUSPICIOUS_MOVE = YES;
				CLANG_WARN_UNGUARDED_AVAILABILITY = YES_AGGRESSIVE;
				CLANG_WARN_UNREACHABLE_CODE = YES;
				CLANG_WARN__DUPLICATE_METHOD_MATCH = YES;
				COPY_PHASE_STRIP = NO;
				DEBUG_INFORMATION_FORMAT = dwarf;
				ENABLE_STRICT_OBJC_MSGSEND = YES;
				ENABLE_TESTABILITY = YES;
				ENABLE_USER_SCRIPT_SANDBOXING = YES;
				GCC_C_LANGUAGE_STANDARD = gnu17;
				GCC_DYNAMIC_NO_PIC = NO;
				GCC_NO_COMMON_BLOCKS = YES;
				GCC_OPTIMIZATION_LEVEL = 0;
				GCC_PREPROCESSOR_DEFINITIONS = (
					"DEBUG=1",
					"$(inherited)",
				);
				GCC_WARN_64_TO_32_BIT_CONVERSION = YES;
				GCC_WARN_ABOUT_RETURN_TYPE = YES_ERROR;
				GCC_WARN_UNDECLARED_SELECTOR = YES;
				GCC_WARN_UNINITIALIZED_AUTOS = YES_AGGRESSIVE;
				GCC_WARN_UNUSED_FUNCTION = YES;
				GCC_WARN_UNUSED_VARIABLE = YES;
				IPHONEOS_DEPLOYMENT_TARGET = 18.2;
				LOCALIZATION_PREFERS_STRING_CATALOGS = YES;
				MTL_ENABLE_DEBUG_INFO = INCLUDE_SOURCE;
				MTL_FAST_MATH = YES;
				ONLY_ACTIVE_ARCH = YES;
				SDKROOT = iphoneos;
				SWIFT_ACTIVE_COMPILATION_CONDITIONS = "DEBUG $(inherited)";
				SWIFT_OPTIMIZATION_LEVEL = "-Onone";
			};
			name = Debug;
		};
		F4699B2A2E7C04E000D0D7A4 /* Release */ = {
			isa = XCBuildConfiguration;
			buildSettings = {
				ALWAYS_SEARCH_USER_PATHS = NO;
				ASSETCATALOG_COMPILER_GENERATE_SWIFT_ASSET_SYMBOL_EXTENSIONS = YES;
				CLANG_ANALYZER_NONNULL = YES;
				CLANG_ANALYZER_NUMBER_OBJECT_CONVERSION = YES_AGGRESSIVE;
				CLANG_CXX_LANGUAGE_STANDARD = "gnu++20";
				CLANG_ENABLE_MODULES = YES;
				CLANG_ENABLE_OBJC_ARC = YES;
				CLANG_ENABLE_OBJC_WEAK = YES;
				CLANG_WARN_BLOCK_CAPTURE_AUTORELEASING = YES;
				CLANG_WARN_BOOL_CONVERSION = YES;
				CLANG_WARN_COMMA = YES;
				CLANG_WARN_CONSTANT_CONVERSION = YES;
				CLANG_WARN_DEPRECATED_OBJC_IMPLEMENTATIONS = YES;
				CLANG_WARN_DIRECT_OBJC_ISA_USAGE = YES_ERROR;
				CLANG_WARN_DOCUMENTATION_COMMENTS = YES;
				CLANG_WARN_EMPTY_BODY = YES;
				CLANG_WARN_ENUM_CONVERSION = YES;
				CLANG_WARN_INFINITE_RECURSION = YES;
				CLANG_WARN_INT_CONVERSION = YES;
				CLANG_WARN_NON_LITERAL_NULL_CONVERSION = YES;
				CLANG_WARN_OBJC_IMPLICIT_RETAIN_SELF = YES;
				CLANG_WARN_OBJC_LITERAL_CONVERSION = YES;
				CLANG_WARN_OBJC_ROOT_CLASS = YES_ERROR;
				CLANG_WARN_QUOTED_INCLUDE_IN_FRAMEWORK_HEADER = YES;
				CLANG_WARN_RANGE_LOOP_ANALYSIS = YES;
				CLANG_WARN_STRICT_PROTOTYPES = YES;
				CLANG_WARN_SUSPICIOUS_MOVE = YES;
				CLANG_WARN_UNGUARDED_AVAILABILITY = YES_AGGRESSIVE;
				CLANG_WARN_UNREACHABLE_CODE = YES;
				CLANG_WARN__DUPLICATE_METHOD_MATCH = YES;
				COPY_PHASE_STRIP = NO;
				DEBUG_INFORMATION_FORMAT = "dwarf-with-dsym";
				ENABLE_NS_ASSERTIONS = NO;
				ENABLE_STRICT_OBJC_MSGSEND = YES;
				ENABLE_USER_SCRIPT_SANDBOXING = YES;
				GCC_C_LANGUAGE_STANDARD = gnu17;
				GCC_NO_COMMON_BLOCKS = YES;
				GCC_WARN_64_TO_32_BIT_CONVERSION = YES;
				GCC_WARN_ABOUT_RETURN_TYPE = YES_ERROR;
				GCC_WARN_UNDECLARED_SELECTOR = YES;
				GCC_WARN_UNINITIALIZED_AUTOS = YES_AGGRESSIVE;
				GCC_WARN_UNUSED_FUNCTION = YES;
				GCC_WARN_UNUSED_VARIABLE = YES;
				IPHONEOS_DEPLOYMENT_TARGET = 18.2;
				LOCALIZATION_PREFERS_STRING_CATALOGS = YES;
				MTL_ENABLE_DEBUG_INFO = NO;
				MTL_FAST_MATH = YES;
				SDKROOT = iphoneos;
				SWIFT_COMPILATION_MODE = wholemodule;
				VALIDATE_PRODUCT = YES;
			};
			name = Release;
		};
		F4699B2C2E7C04E000D0D7A4 /* Debug */ = {
			isa = XCBuildConfiguration;
			baseConfigurationReference = 97B755DC0F2367CC32A1805F /* Pods-PodBuilder.debug.xcconfig */;
			buildSettings = {
				ASSETCATALOG_COMPILER_APPICON_NAME = AppIcon;
				ASSETCATALOG_COMPILER_GLOBAL_ACCENT_COLOR_NAME = AccentColor;
				CODE_SIGN_STYLE = Automatic;
				CURRENT_PROJECT_VERSION = 1;
				DEVELOPMENT_ASSET_PATHS = "\"PodBuilder/Preview Content\"";
				DEVELOPMENT_TEAM = M3LJ3SDTT4;
				ENABLE_PREVIEWS = YES;
				GENERATE_INFOPLIST_FILE = YES;
				INFOPLIST_KEY_UIApplicationSceneManifest_Generation = YES;
				INFOPLIST_KEY_UIApplicationSupportsIndirectInputEvents = YES;
				INFOPLIST_KEY_UILaunchScreen_Generation = YES;
				INFOPLIST_KEY_UISupportedInterfaceOrientations_iPad = "UIInterfaceOrientationPortrait UIInterfaceOrientationPortraitUpsideDown UIInterfaceOrientationLandscapeLeft UIInterfaceOrientationLandscapeRight";
				INFOPLIST_KEY_UISupportedInterfaceOrientations_iPhone = "UIInterfaceOrientationPortrait UIInterfaceOrientationLandscapeLeft UIInterfaceOrientationLandscapeRight";
				LD_RUNPATH_SEARCH_PATHS = (
					"$(inherited)",
					"@executable_path/Frameworks",
				);
				MARKETING_VERSION = 1.0;
				PRODUCT_BUNDLE_IDENTIFIER = com.nativebrik.PodBuilder;
				PRODUCT_NAME = "$(TARGET_NAME)";
				SWIFT_EMIT_LOC_STRINGS = YES;
				SWIFT_VERSION = 5.0;
				TARGETED_DEVICE_FAMILY = "1,2";
			};
			name = Debug;
		};
		F4699B2D2E7C04E000D0D7A4 /* Release */ = {
			isa = XCBuildConfiguration;
			baseConfigurationReference = DAAE15950916ADB8C17E9E68 /* Pods-PodBuilder.release.xcconfig */;
			buildSettings = {
				ASSETCATALOG_COMPILER_APPICON_NAME = AppIcon;
				ASSETCATALOG_COMPILER_GLOBAL_ACCENT_COLOR_NAME = AccentColor;
				CODE_SIGN_STYLE = Automatic;
				CURRENT_PROJECT_VERSION = 1;
				DEVELOPMENT_ASSET_PATHS = "\"PodBuilder/Preview Content\"";
				DEVELOPMENT_TEAM = M3LJ3SDTT4;
				ENABLE_PREVIEWS = YES;
				GENERATE_INFOPLIST_FILE = YES;
				INFOPLIST_KEY_UIApplicationSceneManifest_Generation = YES;
				INFOPLIST_KEY_UIApplicationSupportsIndirectInputEvents = YES;
				INFOPLIST_KEY_UILaunchScreen_Generation = YES;
				INFOPLIST_KEY_UISupportedInterfaceOrientations_iPad = "UIInterfaceOrientationPortrait UIInterfaceOrientationPortraitUpsideDown UIInterfaceOrientationLandscapeLeft UIInterfaceOrientationLandscapeRight";
				INFOPLIST_KEY_UISupportedInterfaceOrientations_iPhone = "UIInterfaceOrientationPortrait UIInterfaceOrientationLandscapeLeft UIInterfaceOrientationLandscapeRight";
				LD_RUNPATH_SEARCH_PATHS = (
					"$(inherited)",
					"@executable_path/Frameworks",
				);
				MARKETING_VERSION = 1.0;
				PRODUCT_BUNDLE_IDENTIFIER = com.nativebrik.PodBuilder;
				PRODUCT_NAME = "$(TARGET_NAME)";
				SWIFT_EMIT_LOC_STRINGS = YES;
				SWIFT_VERSION = 5.0;
				TARGETED_DEVICE_FAMILY = "1,2";
			};
			name = Release;
		};
		F4699B2F2E7C04E000D0D7A4 /* Debug */ = {
			isa = XCBuildConfiguration;
			buildSettings = {
				BUNDLE_LOADER = "$(TEST_HOST)";
				CODE_SIGN_STYLE = Automatic;
				CURRENT_PROJECT_VERSION = 1;
				DEVELOPMENT_TEAM = M3LJ3SDTT4;
				GENERATE_INFOPLIST_FILE = YES;
				IPHONEOS_DEPLOYMENT_TARGET = 18.2;
				MARKETING_VERSION = 1.0;
				PRODUCT_BUNDLE_IDENTIFIER = com.nativebrik.PodBuilderTests;
				PRODUCT_NAME = "$(TARGET_NAME)";
				SWIFT_EMIT_LOC_STRINGS = NO;
				SWIFT_VERSION = 5.0;
				TARGETED_DEVICE_FAMILY = "1,2";
				TEST_HOST = "$(BUILT_PRODUCTS_DIR)/PodBuilder.app/$(BUNDLE_EXECUTABLE_FOLDER_PATH)/PodBuilder";
			};
			name = Debug;
		};
		F4699B302E7C04E000D0D7A4 /* Release */ = {
			isa = XCBuildConfiguration;
			buildSettings = {
				BUNDLE_LOADER = "$(TEST_HOST)";
				CODE_SIGN_STYLE = Automatic;
				CURRENT_PROJECT_VERSION = 1;
				DEVELOPMENT_TEAM = M3LJ3SDTT4;
				GENERATE_INFOPLIST_FILE = YES;
				IPHONEOS_DEPLOYMENT_TARGET = 18.2;
				MARKETING_VERSION = 1.0;
				PRODUCT_BUNDLE_IDENTIFIER = com.nativebrik.PodBuilderTests;
				PRODUCT_NAME = "$(TARGET_NAME)";
				SWIFT_EMIT_LOC_STRINGS = NO;
				SWIFT_VERSION = 5.0;
				TARGETED_DEVICE_FAMILY = "1,2";
				TEST_HOST = "$(BUILT_PRODUCTS_DIR)/PodBuilder.app/$(BUNDLE_EXECUTABLE_FOLDER_PATH)/PodBuilder";
			};
			name = Release;
		};
		F4699B322E7C04E000D0D7A4 /* Debug */ = {
			isa = XCBuildConfiguration;
			buildSettings = {
				CODE_SIGN_STYLE = Automatic;
				CURRENT_PROJECT_VERSION = 1;
				DEVELOPMENT_TEAM = M3LJ3SDTT4;
				GENERATE_INFOPLIST_FILE = YES;
				MARKETING_VERSION = 1.0;
				PRODUCT_BUNDLE_IDENTIFIER = com.nativebrik.PodBuilderUITests;
				PRODUCT_NAME = "$(TARGET_NAME)";
				SWIFT_EMIT_LOC_STRINGS = NO;
				SWIFT_VERSION = 5.0;
				TARGETED_DEVICE_FAMILY = "1,2";
				TEST_TARGET_NAME = PodBuilder;
			};
			name = Debug;
		};
		F4699B332E7C04E000D0D7A4 /* Release */ = {
			isa = XCBuildConfiguration;
			buildSettings = {
				CODE_SIGN_STYLE = Automatic;
				CURRENT_PROJECT_VERSION = 1;
				DEVELOPMENT_TEAM = M3LJ3SDTT4;
				GENERATE_INFOPLIST_FILE = YES;
				MARKETING_VERSION = 1.0;
				PRODUCT_BUNDLE_IDENTIFIER = com.nativebrik.PodBuilderUITests;
				PRODUCT_NAME = "$(TARGET_NAME)";
				SWIFT_EMIT_LOC_STRINGS = NO;
				SWIFT_VERSION = 5.0;
				TARGETED_DEVICE_FAMILY = "1,2";
				TEST_TARGET_NAME = PodBuilder;
			};
			name = Release;
		};
/* End XCBuildConfiguration section */

/* Begin XCConfigurationList section */
		F4699B022E7C04DF00D0D7A4 /* Build configuration list for PBXProject "PodBuilder" */ = {
			isa = XCConfigurationList;
			buildConfigurations = (
				F4699B292E7C04E000D0D7A4 /* Debug */,
				F4699B2A2E7C04E000D0D7A4 /* Release */,
			);
			defaultConfigurationIsVisible = 0;
			defaultConfigurationName = Release;
		};
		F4699B2B2E7C04E000D0D7A4 /* Build configuration list for PBXNativeTarget "PodBuilder" */ = {
			isa = XCConfigurationList;
			buildConfigurations = (
				F4699B2C2E7C04E000D0D7A4 /* Debug */,
				F4699B2D2E7C04E000D0D7A4 /* Release */,
			);
			defaultConfigurationIsVisible = 0;
			defaultConfigurationName = Release;
		};
		F4699B2E2E7C04E000D0D7A4 /* Build configuration list for PBXNativeTarget "PodBuilderTests" */ = {
			isa = XCConfigurationList;
			buildConfigurations = (
				F4699B2F2E7C04E000D0D7A4 /* Debug */,
				F4699B302E7C04E000D0D7A4 /* Release */,
			);
			defaultConfigurationIsVisible = 0;
			defaultConfigurationName = Release;
		};
		F4699B312E7C04E000D0D7A4 /* Build configuration list for PBXNativeTarget "PodBuilderUITests" */ = {
			isa = XCConfigurationList;
			buildConfigurations = (
				F4699B322E7C04E000D0D7A4 /* Debug */,
				F4699B332E7C04E000D0D7A4 /* Release */,
			);
			defaultConfigurationIsVisible = 0;
			defaultConfigurationName = Release;
		};
/* End XCConfigurationList section */
	};
	rootObject = F4699AFF2E7C04DF00D0D7A4 /* Project object */;
}
