PODS:
  - FBSnapshotTestCase (2.1.4):
    - FBSnapshotTestCase/SwiftSupport (= 2.1.4)
  - FBSnapshotTestCase/Core (2.1.4)
  - FBSnapshotTestCase/SwiftSupport (2.1.4):
    - FBSnapshotTestCase/Core
  - iOSSnapshotTestCase (8.0.0):
    - iOSSnapshotTestCase/SwiftSupport (= 8.0.0)
  - iOSSnapshotTestCase/Core (8.0.0)
  - iOSSnapshotTestCase/SwiftSupport (8.0.0):
    - iOSSnapshotTestCase/Core
  - Nativebrik (0.1.5):
    - YogaKit (~> 2.0.0)
  - Nimble (10.0.0)
  - Nimble-Snapshots (9.4.0):
    - Nimble-Snapshots/Core (= 9.4.0)
  - Nimble-Snapshots/Core (9.4.0):
    - iOSSnapshotTestCase (~> 8.0)
    - Nimble
  - Quick (2.2.1)
  - Yoga (2.0.0)
  - YogaKit (2.0.0):
    - Yoga (~> 2.0.0)

DEPENDENCIES:
  - FBSnapshotTestCase (~> 2.1.4)
  - Nativebrik (from `../../`)
  - Nimble (~> 10.0.0)
  - Nimble-Snapshots (~> 9.4.0)
  - Quick (~> 2.2.0)

SPEC REPOS:
  trunk:
    - FBSnapshotTestCase
    - iOSSnapshotTestCase
    - Nimble
    - Nimble-Snapshots
    - Quick
    - Yoga
    - YogaKit

EXTERNAL SOURCES:
  Nativebrik:
    :path: "../../"

SPEC CHECKSUMS:
  FBSnapshotTestCase: 094f9f314decbabe373b87cc339bea235a63e07a
  iOSSnapshotTestCase: a670511f9ee3829c2b9c23e6e68f315fd7b6790f
  Nativebrik: 97ac9f19c8a4f5583075a93910ad20bdd2b29f0a
  Nimble: 5316ef81a170ce87baf72dd961f22f89a602ff84
  Nimble-Snapshots: ef281b908c604f78c8313587e25ea92c8ab513d7
  Quick: f5754d69b7013f5864c29aab9ae6f0c79c5bc200
  Yoga: 6ef6b49e92d5d5c0c81ca640365c2b031d5fb378
  YogaKit: 9ba24d2f5ac46b342be3685339c0e15e85a70c25

PODFILE CHECKSUM: f29305997227717b18753bdcb05d66dbc18994b5

COCOAPODS: 1.11.3
