{
  "originHash" : "8b12dbde09a26ff9bf7c62fe34ba75efc7d0cfeb5773658799443e3848f4cd06",
  "pins" : [
    {
      "identity" : "nativebrik-sdk",
      "kind" : "remoteSourceControl",
      "location" : "https://github.com/plaidev/nativebrik-sdk.git",
      "state" : {
        "revision" : "1aeed0ff01fbc4be01bc075154a2feca841de730",
        "version" : "0.11.1"
      }
    }
  ],
  "version" : 3
}
