{
  "originHash" : "cb7b463d1d383ef53792debc98a352946538a7c498af183e74b8c2c26eb9c714",
  "pins" : [
    {
      "identity" : "nativebrik-sdk",
      "kind" : "remoteSourceControl",
      "location" : "https://github.com/plaidev/nativebrik-sdk.git",
      "state" : {
        "revision" : "1aeed0ff01fbc4be01bc075154a2feca841de730",
        "version" : "0.11.1"
      }
    }
  ],
  "version" : 3
}
